<Solution>
  <Folder Name="/src/">
    <Project Path="src/Shared.Application/Shared.Application.csproj" />
    <Project Path="src/Shared.Domain/Shared.Domain.csproj" />
    <Project Path="src/Shared.Infrastructure.BackgroundJobs/Shared.Infrastructure.BackgroundJobs.csproj" />
    <Project Path="src/Shared.Infrastructure.Caching/Shared.Infrastructure.Caching.csproj" />
    <Project Path="src/Shared.Infrastructure.Observability/Shared.Infrastructure.Observability.csproj" />
    <Project Path="src/Shared.Infrastructure.Persistence/Shared.Infrastructure.Persistence.csproj" />
    <Project Path="src/Shared.Infrastructure.Security/Shared.Infrastructure.Security.csproj" />
    <Project Path="src/Shared.Infrastructure.Web/Shared.Infrastructure.Web.csproj" />
    <Project Path="src/Shared.Kernel/Shared.Kernel.csproj" />
    <Project Path="src/Shared.Modularity/Shared.Modularity.csproj" />
    <Project Path="src/Shared.Testing/Shared.Testing.csproj" />
  </Folder>
  <Folder Name="/tests/">
    <Project Path="tests/Shared.Application.Tests/Shared.Application.Tests.csproj" />
    <Project Path="tests/Shared.Infrastructure.BackgroundJobs.Tests/Shared.Infrastructure.BackgroundJobs.Tests.csproj" />
    <Project Path="tests/Shared.Infrastructure.Caching.Tests/Shared.Infrastructure.Caching.Tests.csproj" />
    <Project Path="tests/Shared.Infrastructure.Observability.Tests/Shared.Infrastructure.Observability.Tests.csproj" />
    <Project Path="tests/Shared.Infrastructure.Persistence.Tests/Shared.Infrastructure.Persistence.Tests.csproj" />
    <Project Path="tests/Shared.Infrastructure.Security.Tests/Shared.Infrastructure.Security.Tests.csproj" />
    <Project Path="tests/Shared.Infrastructure.Web.Tests/Shared.Infrastructure.Web.Tests.csproj" />
    <Project Path="tests/Shared.Kernel.Tests/Shared.Kernel.Tests.csproj" />
    <Project Path="tests/Shared.Modularity.Tests.HappyPathModules/Shared.Modularity.Tests.HappyPathModules.csproj" />
    <Project Path="tests/Shared.Modularity.Tests.NegativeCases/Shared.Modularity.Tests.NegativeCases.csproj" />
    <Project Path="tests/Shared.Modularity.Tests/Shared.Modularity.Tests.csproj" />
    <Project Path="tests/Templates.Tests/Templates.Tests.csproj" />
  </Folder>
</Solution>
