<Solution>
  <Folder Name="/samples/">
    <Project Path="samples/Sample.Api.Tests/Sample.Api.Tests.csproj" />
    <Project Path="samples/Sample.Api/Sample.Api.csproj" />
    <Project Path="samples/Sample.IdentityAdmin.Api/Sample.IdentityAdmin.Api.csproj" />
    <Project Path="samples/Sample.IdentityAdmin.Api.Tests/Sample.IdentityAdmin.Api.Tests.csproj" />
    <Project Path="samples/Sample.Organization.Api/Sample.Organization.Api.csproj" />
    <Project Path="samples/Sample.Organization.Api.Tests/Sample.Organization.Api.Tests.csproj" />
    <Project Path="samples/Sample.Catalogs.Api/Sample.Catalogs.Api.csproj" />
    <Project Path="samples/Sample.Catalogs.Api.Tests/Sample.Catalogs.Api.Tests.csproj" />
    <Project Path="samples/Sample.FeatureManagement.Api/Sample.FeatureManagement.Api.csproj" />
    <Project Path="samples/Sample.FeatureManagement.Api.Tests/Sample.FeatureManagement.Api.Tests.csproj" />
    <Project Path="samples/Sample.Documents.Api/Sample.Documents.Api.csproj" />
    <Project Path="samples/Sample.Documents.Api.Tests/Sample.Documents.Api.Tests.csproj" />
    <Project Path="samples/Sample.Workflow.Api/Sample.Workflow.Api.csproj" />
    <Project Path="samples/Sample.Workflow.Api.Tests/Sample.Workflow.Api.Tests.csproj" />
    <Project Path="samples/OpenApiExport/OpenApiExport.csproj" />
    <Project Path="samples/Sample.TaskInbox.Api/Sample.TaskInbox.Api.csproj" />
    <Project Path="samples/Sample.TaskInbox.Api.Tests/Sample.TaskInbox.Api.Tests.csproj" />
    <Project Path="samples/Sample.Notifications.Api/Sample.Notifications.Api.csproj" />
    <Project Path="samples/Sample.Notifications.Api.Tests/Sample.Notifications.Api.Tests.csproj" />
    <Project Path="samples/Sample.IntegrationHub.Api/Sample.IntegrationHub.Api.csproj" />
    <Project Path="samples/Sample.IntegrationHub.Api.Tests/Sample.IntegrationHub.Api.Tests.csproj" />
    <Project Path="samples/Sample.ImportExport.Api/Sample.ImportExport.Api.csproj" />
    <Project Path="samples/Sample.ImportExport.Api.Tests/Sample.ImportExport.Api.Tests.csproj" />
    <Project Path="samples/Sample.Reporting.Api/Sample.Reporting.Api.csproj" />
    <Project Path="samples/Sample.Reporting.Api.Tests/Sample.Reporting.Api.Tests.csproj" />
    <Project Path="samples/Sample.Dashboard.Api/Sample.Dashboard.Api.csproj" />
    <Project Path="samples/Sample.Dashboard.Api.Tests/Sample.Dashboard.Api.Tests.csproj" />
    <Project Path="samples/Sample.Eventing.Tests/Sample.Eventing.Tests.csproj" />
    <Project Path="samples/Sample.Eventing/Sample.Eventing.csproj" />
  </Folder>
  <Folder Name="/src/">
    <Project Path="src/BitCode.Gateway/BitCode.Gateway.csproj" />
    <Project Path="src/Platform/BitCode.Platform.Identity/BitCode.Platform.Identity.csproj" />
    <Project Path="src/Platform/BitCode.Platform.Organization/BitCode.Platform.Organization.csproj" />
    <Project Path="src/Platform/BitCode.Platform.Catalogs/BitCode.Platform.Catalogs.csproj" />
    <Project Path="src/Platform/BitCode.Platform.FeatureManagement/BitCode.Platform.FeatureManagement.csproj" />
    <Project Path="src/Platform/BitCode.Platform.Documents/BitCode.Platform.Documents.csproj" />
    <Project Path="src/Platform/BitCode.Platform.Workflow/BitCode.Platform.Workflow.csproj" />
    <Project Path="src/Platform/BitCode.Platform.Workflow.Contracts/BitCode.Platform.Workflow.Contracts.csproj" />
    <Project Path="src/Platform/BitCode.Platform.TaskInbox/BitCode.Platform.TaskInbox.csproj" />
    <Project Path="src/Platform/BitCode.Platform.Notifications/BitCode.Platform.Notifications.csproj" />
    <Project Path="src/Platform/BitCode.Platform.IntegrationHub/BitCode.Platform.IntegrationHub.csproj" />
    <Project Path="src/Platform/BitCode.Platform.ImportExport/BitCode.Platform.ImportExport.csproj" />
    <Project Path="src/Platform/BitCode.Platform.Reporting/BitCode.Platform.Reporting.csproj" />
    <Project Path="src/Platform/BitCode.Platform.Dashboard/BitCode.Platform.Dashboard.csproj" />
    <Project Path="src/Shared.Application/Shared.Application.csproj" />
    <Project Path="src/Shared.Domain/Shared.Domain.csproj" />
    <Project Path="src/Shared.Infrastructure.BackgroundJobs/Shared.Infrastructure.BackgroundJobs.csproj" />
    <Project Path="src/Shared.Infrastructure.Caching/Shared.Infrastructure.Caching.csproj" />
    <Project Path="src/Shared.Infrastructure.Http/Shared.Infrastructure.Http.csproj" />
    <Project Path="src/Shared.Infrastructure.Messaging.Kafka/Shared.Infrastructure.Messaging.Kafka.csproj" />
    <Project Path="src/Shared.Infrastructure.Observability/Shared.Infrastructure.Observability.csproj" />
    <Project Path="src/Shared.Infrastructure.Persistence/Shared.Infrastructure.Persistence.csproj" />
    <Project Path="src/Shared.Infrastructure.Security/Shared.Infrastructure.Security.csproj" />
    <Project Path="src/Shared.Infrastructure.Web/Shared.Infrastructure.Web.csproj" />
    <Project Path="src/Shared.Kernel/Shared.Kernel.csproj" />
    <Project Path="src/Shared.Modularity/Shared.Modularity.csproj" />
    <Project Path="src/Shared.Testing/Shared.Testing.csproj" />
  </Folder>
  <Folder Name="/tools/">
    <Project Path="tools/BitCode.Diagnostics/BitCode.Diagnostics.csproj" />
    <Project Path="tools/BitCode.Migrations/BitCode.Migrations.csproj" />
    <Project Path="tools/QuartzHaRecoveryHarness/QuartzHaRecoveryHarness.csproj" />
    <Project Path="tools/RegionalFailoverHarness/RegionalFailoverHarness.csproj" />
  </Folder>
  <Folder Name="/tests/">
    <Project Path="tests/BitCode.Architecture.Tests/BitCode.Architecture.Tests.csproj" />
    <Project Path="tests/BitCode.Diagnostics.Tests/BitCode.Diagnostics.Tests.csproj" />
    <Project Path="tests/BitCode.Gateway.Tests/BitCode.Gateway.Tests.csproj" />
    <Project Path="tests/BitCode.Migrations.Tests/BitCode.Migrations.Tests.csproj" />
    <Project Path="tests/Shared.Application.Tests/Shared.Application.Tests.csproj" />
    <Project Path="tests/Shared.Infrastructure.BackgroundJobs.IntegrationTests/Shared.Infrastructure.BackgroundJobs.IntegrationTests.csproj" />
    <Project Path="tests/Shared.Infrastructure.BackgroundJobs.Tests/Shared.Infrastructure.BackgroundJobs.Tests.csproj" />
    <Project Path="tests/Shared.Infrastructure.Caching.Tests/Shared.Infrastructure.Caching.Tests.csproj" />
    <Project Path="tests/Shared.Infrastructure.Http.Tests/Shared.Infrastructure.Http.Tests.csproj" />
    <Project Path="tests/Shared.Infrastructure.Messaging.Kafka.Tests/Shared.Infrastructure.Messaging.Kafka.Tests.csproj" />
    <Project Path="tests/Shared.Infrastructure.Observability.Tests/Shared.Infrastructure.Observability.Tests.csproj" />
    <Project Path="tests/Shared.Infrastructure.Persistence.Tests/Shared.Infrastructure.Persistence.Tests.csproj" />
    <Project Path="tests/Shared.Infrastructure.Security.Tests/Shared.Infrastructure.Security.Tests.csproj" />
    <Project Path="tests/Shared.Infrastructure.Web.Tests/Shared.Infrastructure.Web.Tests.csproj" />
    <Project Path="tests/Shared.Kernel.Tests/Shared.Kernel.Tests.csproj" />
    <Project Path="tests/Shared.Modularity.Tests.HappyPathModules/Shared.Modularity.Tests.HappyPathModules.csproj" />
    <Project Path="tests/Shared.Modularity.Tests.NegativeCases/Shared.Modularity.Tests.NegativeCases.csproj" />
    <Project Path="tests/Shared.Modularity.Tests/Shared.Modularity.Tests.csproj" />
    <Project Path="tests/Templates.Tests/Templates.Tests.csproj" />
  </Folder>
</Solution>
